
Microsoft Visual Studio Solution File, Format Version 12.00
# Visual Studio Version 17
VisualStudioVersion = 17.14.36414.22 d17.14
MinimumVisualStudioVersion = 10.0.40219.1
Project("{FAE04EC0-301F-11D3-BF4B-00C04F79EFBC}") = "AvaloniaApplication5", "AvaloniaApplication5.csproj", "{7E2EBD2E-7609-4C8D-8740-48356619B9DC}"
EndProject
Global
	GlobalSection(SolutionConfigurationPlatforms) = preSolution
		Debug|Any CPU = Debug|Any CPU
		Release|Any CPU = Release|Any CPU
	EndGlobalSection
	GlobalSection(ProjectConfigurationPlatforms) = postSolution
		{7E2EBD2E-7609-4C8D-8740-48356619B9DC}.Debug|Any CPU.ActiveCfg = Debug|Any CPU
		{7E2EBD2E-7609-4C8D-8740-48356619B9DC}.Debug|Any CPU.Build.0 = Debug|Any CPU
		{7E2EBD2E-7609-4C8D-8740-48356619B9DC}.Release|Any CPU.ActiveCfg = Release|Any CPU
		{7E2EBD2E-7609-4C8D-8740-48356619B9DC}.Release|Any CPU.Build.0 = Release|Any CPU
	EndGlobalSection
	GlobalSection(SolutionProperties) = preSolution
		HideSolutionNode = FALSE
	EndGlobalSection
	GlobalSection(ExtensibilityGlobals) = postSolution
		SolutionGuid = {40688406-7AD0-4EAE-8FF2-CAD3390AAE48}
	EndGlobalSection
EndGlobal
